
Microsoft Visual Studio Solution File, Format Version 12.00
# Visual Studio Version 16
VisualStudioVersion = 16.0.30517.126
MinimumVisualStudioVersion = 10.0.40219.1
Project("{FAE04EC0-301F-11D3-BF4B-00C04F79EFBC}") = "discordBOT_EntryExitManagement", "discordBOT_EntryExitManagement.csproj", "{B7A4997E-8C9D-45BE-AEF1-D9D9139FB031}"
EndProject
Global
	GlobalSection(SolutionConfigurationPlatforms) = preSolution
		Debug|Any CPU = Debug|Any CPU
		Release|Any CPU = Release|Any CPU
	EndGlobalSection
	GlobalSection(ProjectConfigurationPlatforms) = postSolution
		{B7A4997E-8C9D-45BE-AEF1-D9D9139FB031}.Debug|Any CPU.ActiveCfg = Debug|Any CPU
		{B7A4997E-8C9D-45BE-AEF1-D9D9139FB031}.Debug|Any CPU.Build.0 = Debug|Any CPU
		{B7A4997E-8C9D-45BE-AEF1-D9D9139FB031}.Release|Any CPU.ActiveCfg = Release|Any CPU
		{B7A4997E-8C9D-45BE-AEF1-D9D9139FB031}.Release|Any CPU.Build.0 = Release|Any CPU
	EndGlobalSection
	GlobalSection(SolutionProperties) = preSolution
		HideSolutionNode = FALSE
	EndGlobalSection
	GlobalSection(ExtensibilityGlobals) = postSolution
		SolutionGuid = {2B13F243-52AA-4DE1-9EF7-353AF2208BDD}
	EndGlobalSection
EndGlobal
